// !$*UTF8*$!
{
	archiveVersion = 1;
	classes = {
	};
	objectVersion = 55;
	objects = {

/* Begin PBXBuildFile section */
		27289557D9341A45EA4B141A /* Pods_iTunesSearchDemo.framework in Frameworks */ = {isa = PBXBuildFile; fileRef = 1707D8536CDBF09F523AE185 /* Pods_iTunesSearchDemo.framework */; };
		9D66F0CD2951640C00BB0058 /* AppDelegate.swift in Sources */ = {isa = PBXBuildFile; fileRef = 9D66F0CC2951640C00BB0058 /* AppDelegate.swift */; };
		9D66F0D12951640C00BB0058 /* SearchViewController.swift in Sources */ = {isa = PBXBuildFile; fileRef = 9D66F0D02951640C00BB0058 /* SearchViewController.swift */; };
		9D66F0D62951640C00BB0058 /* Assets.xcassets in Resources */ = {isa = PBXBuildFile; fileRef = 9D66F0D52951640C00BB0058 /* Assets.xcassets */; };
		9D66F0D92951640C00BB0058 /* LaunchScreen.storyboard in Resources */ = {isa = PBXBuildFile; fileRef = 9D66F0D72951640C00BB0058 /* LaunchScreen.storyboard */; };
		9D66F0E3295166AA00BB0058 /* EndPoint.swift in Sources */ = {isa = PBXBuildFile; fileRef = 9D66F0E2295166AA00BB0058 /* EndPoint.swift */; };
		9D66F0E5295166D100BB0058 /* HTTPMethod.swift in Sources */ = {isa = PBXBuildFile; fileRef = 9D66F0E4295166D100BB0058 /* HTTPMethod.swift */; };
		9D66F0E7295166E500BB0058 /* ParameterEncoding.swift in Sources */ = {isa = PBXBuildFile; fileRef = 9D66F0E6295166E500BB0058 /* ParameterEncoding.swift */; };
		9D66F0E9295166F400BB0058 /* NetworkError.swift in Sources */ = {isa = PBXBuildFile; fileRef = 9D66F0E8295166F400BB0058 /* NetworkError.swift */; };
		9D66F0EB2951673F00BB0058 /* NetworkLogger.swift in Sources */ = {isa = PBXBuildFile; fileRef = 9D66F0EA2951673F00BB0058 /* NetworkLogger.swift */; };
		9D66F0EE2951676000BB0058 /* Logger.swift in Sources */ = {isa = PBXBuildFile; fileRef = 9D66F0ED2951676000BB0058 /* Logger.swift */; };
		9D66F0F02951679900BB0058 /* APIEngine.swift in Sources */ = {isa = PBXBuildFile; fileRef = 9D66F0EF2951679900BB0058 /* APIEngine.swift */; };
		9D66F0F2295169DC00BB0058 /* SearchAPI.swift in Sources */ = {isa = PBXBuildFile; fileRef = 9D66F0F1295169DC00BB0058 /* SearchAPI.swift */; };
		9D66F0F42951750D00BB0058 /* APIEngine+Search.swift in Sources */ = {isa = PBXBuildFile; fileRef = 9D66F0F32951750D00BB0058 /* APIEngine+Search.swift */; };
		9D66F0F8295179F900BB0058 /* Main.storyboard in Resources */ = {isa = PBXBuildFile; fileRef = 9D66F0F6295179F900BB0058 /* Main.storyboard */; };
		9D66F0FB29517A7900BB0058 /* SearchResultDataModel.swift in Sources */ = {isa = PBXBuildFile; fileRef = 9D66F0FA29517A7900BB0058 /* SearchResultDataModel.swift */; };
		9D66F0FF295186C900BB0058 /* SearchTableViewCell.swift in Sources */ = {isa = PBXBuildFile; fileRef = 9D66F0FE295186C900BB0058 /* SearchTableViewCell.swift */; };
		9D66F10129518BFE00BB0058 /* CellReusable.swift in Sources */ = {isa = PBXBuildFile; fileRef = 9D66F10029518BFE00BB0058 /* CellReusable.swift */; };
		9D66F10429518CC500BB0058 /* SearchViewModel.swift in Sources */ = {isa = PBXBuildFile; fileRef = 9D66F10329518CC500BB0058 /* SearchViewModel.swift */; };
		9D66F1112951C4F600BB0058 /* PlayerView.swift in Sources */ = {isa = PBXBuildFile; fileRef = 9D66F1102951C4F600BB0058 /* PlayerView.swift */; };
		9D66F1142951D72700BB0058 /* AVPlayerAdapter.swift in Sources */ = {isa = PBXBuildFile; fileRef = 9D66F1132951D72700BB0058 /* AVPlayerAdapter.swift */; };
		9D66F11729520F4100BB0058 /* TimeInterval+Extension .swift in Sources */ = {isa = PBXBuildFile; fileRef = 9D66F11629520F4100BB0058 /* TimeInterval+Extension .swift */; };
		9D66F11929520F6A00BB0058 /* CMTime+Extension .swift in Sources */ = {isa = PBXBuildFile; fileRef = 9D66F11829520F6A00BB0058 /* CMTime+Extension .swift */; };
		9DC3CA3F2952E584002A5E96 /* AVPlayerState.swift in Sources */ = {isa = PBXBuildFile; fileRef = 9DC3CA3E2952E584002A5E96 /* AVPlayerState.swift */; };
		9DC3CA412952E597002A5E96 /* AVPlayerMediaMetadata.swift in Sources */ = {isa = PBXBuildFile; fileRef = 9DC3CA402952E597002A5E96 /* AVPlayerMediaMetadata.swift */; };
		9DC3CA432952EA63002A5E96 /* UIViewController+Extension.swift in Sources */ = {isa = PBXBuildFile; fileRef = 9DC3CA422952EA63002A5E96 /* UIViewController+Extension.swift */; };
		9DC3CA452952F302002A5E96 /* AVPlayerItemStatusObserver.swift in Sources */ = {isa = PBXBuildFile; fileRef = 9DC3CA442952F302002A5E96 /* AVPlayerItemStatusObserver.swift */; };
		9DC3CA472952F6B9002A5E96 /* AVPlayerItemPlayingObserver.swift in Sources */ = {isa = PBXBuildFile; fileRef = 9DC3CA462952F6B9002A5E96 /* AVPlayerItemPlayingObserver.swift */; };
		9DC3CA4929530E80002A5E96 /* String+Extension.swift in Sources */ = {isa = PBXBuildFile; fileRef = 9DC3CA4829530E80002A5E96 /* String+Extension.swift */; };
/* End PBXBuildFile section */

/* Begin PBXFileReference section */
		1707D8536CDBF09F523AE185 /* Pods_iTunesSearchDemo.framework */ = {isa = PBXFileReference; explicitFileType = wrapper.framework; includeInIndex = 0; path = Pods_iTunesSearchDemo.framework; sourceTree = BUILT_PRODUCTS_DIR; };
		526A38A18D5D09DCA06D9009 /* Pods-iTunesSearchDemo.debug.xcconfig */ = {isa = PBXFileReference; includeInIndex = 1; lastKnownFileType = text.xcconfig; name = "Pods-iTunesSearchDemo.debug.xcconfig"; path = "Target Support Files/Pods-iTunesSearchDemo/Pods-iTunesSearchDemo.debug.xcconfig"; sourceTree = "<group>"; };
		8FE0B26A82D47E7181E07A4C /* Pods-iTunesSearchDemo.release.xcconfig */ = {isa = PBXFileReference; includeInIndex = 1; lastKnownFileType = text.xcconfig; name = "Pods-iTunesSearchDemo.release.xcconfig"; path = "Target Support Files/Pods-iTunesSearchDemo/Pods-iTunesSearchDemo.release.xcconfig"; sourceTree = "<group>"; };
		9D66F0C92951640C00BB0058 /* iTunesSearchDemo.app */ = {isa = PBXFileReference; explicitFileType = wrapper.application; includeInIndex = 0; path = iTunesSearchDemo.app; sourceTree = BUILT_PRODUCTS_DIR; };
		9D66F0CC2951640C00BB0058 /* AppDelegate.swift */ = {isa = PBXFileReference; lastKnownFileType = sourcecode.swift; path = AppDelegate.swift; sourceTree = "<group>"; };
		9D66F0D02951640C00BB0058 /* SearchViewController.swift */ = {isa = PBXFileReference; lastKnownFileType = sourcecode.swift; path = SearchViewController.swift; sourceTree = "<group>"; };
		9D66F0D52951640C00BB0058 /* Assets.xcassets */ = {isa = PBXFileReference; lastKnownFileType = folder.assetcatalog; path = Assets.xcassets; sourceTree = "<group>"; };
		9D66F0D82951640C00BB0058 /* Base */ = {isa = PBXFileReference; lastKnownFileType = file.storyboard; name = Base; path = Base.lproj/LaunchScreen.storyboard; sourceTree = "<group>"; };
		9D66F0DA2951640C00BB0058 /* Info.plist */ = {isa = PBXFileReference; lastKnownFileType = text.plist.xml; path = Info.plist; sourceTree = "<group>"; };
		9D66F0E2295166AA00BB0058 /* EndPoint.swift */ = {isa = PBXFileReference; lastKnownFileType = sourcecode.swift; path = EndPoint.swift; sourceTree = "<group>"; };
		9D66F0E4295166D100BB0058 /* HTTPMethod.swift */ = {isa = PBXFileReference; lastKnownFileType = sourcecode.swift; path = HTTPMethod.swift; sourceTree = "<group>"; };
		9D66F0E6295166E500BB0058 /* ParameterEncoding.swift */ = {isa = PBXFileReference; lastKnownFileType = sourcecode.swift; path = ParameterEncoding.swift; sourceTree = "<group>"; };
		9D66F0E8295166F400BB0058 /* NetworkError.swift */ = {isa = PBXFileReference; lastKnownFileType = sourcecode.swift; path = NetworkError.swift; sourceTree = "<group>"; };
		9D66F0EA2951673F00BB0058 /* NetworkLogger.swift */ = {isa = PBXFileReference; lastKnownFileType = sourcecode.swift; path = NetworkLogger.swift; sourceTree = "<group>"; };
		9D66F0ED2951676000BB0058 /* Logger.swift */ = {isa = PBXFileReference; lastKnownFileType = sourcecode.swift; path = Logger.swift; sourceTree = "<group>"; };
		9D66F0EF2951679900BB0058 /* APIEngine.swift */ = {isa = PBXFileReference; lastKnownFileType = sourcecode.swift; path = APIEngine.swift; sourceTree = "<group>"; };
		9D66F0F1295169DC00BB0058 /* SearchAPI.swift */ = {isa = PBXFileReference; lastKnownFileType = sourcecode.swift; path = SearchAPI.swift; sourceTree = "<group>"; };
		9D66F0F32951750D00BB0058 /* APIEngine+Search.swift */ = {isa = PBXFileReference; lastKnownFileType = sourcecode.swift; path = "APIEngine+Search.swift"; sourceTree = "<group>"; };
		9D66F0F7295179F900BB0058 /* Base */ = {isa = PBXFileReference; lastKnownFileType = file.storyboard; name = Base; path = Base.lproj/Main.storyboard; sourceTree = "<group>"; };
		9D66F0FA29517A7900BB0058 /* SearchResultDataModel.swift */ = {isa = PBXFileReference; lastKnownFileType = sourcecode.swift; path = SearchResultDataModel.swift; sourceTree = "<group>"; };
		9D66F0FE295186C900BB0058 /* SearchTableViewCell.swift */ = {isa = PBXFileReference; lastKnownFileType = sourcecode.swift; path = SearchTableViewCell.swift; sourceTree = "<group>"; };
		9D66F10029518BFE00BB0058 /* CellReusable.swift */ = {isa = PBXFileReference; lastKnownFileType = sourcecode.swift; path = CellReusable.swift; sourceTree = "<group>"; };
		9D66F10329518CC500BB0058 /* SearchViewModel.swift */ = {isa = PBXFileReference; lastKnownFileType = sourcecode.swift; path = SearchViewModel.swift; sourceTree = "<group>"; };
		9D66F1102951C4F600BB0058 /* PlayerView.swift */ = {isa = PBXFileReference; lastKnownFileType = sourcecode.swift; path = PlayerView.swift; sourceTree = "<group>"; };
		9D66F1132951D72700BB0058 /* AVPlayerAdapter.swift */ = {isa = PBXFileReference; lastKnownFileType = sourcecode.swift; path = AVPlayerAdapter.swift; sourceTree = "<group>"; };
		9D66F11629520F4100BB0058 /* TimeInterval+Extension .swift */ = {isa = PBXFileReference; lastKnownFileType = sourcecode.swift; path = "TimeInterval+Extension .swift"; sourceTree = "<group>"; };
		9D66F11829520F6A00BB0058 /* CMTime+Extension .swift */ = {isa = PBXFileReference; lastKnownFileType = sourcecode.swift; path = "CMTime+Extension .swift"; sourceTree = "<group>"; };
		9DC3CA3E2952E584002A5E96 /* AVPlayerState.swift */ = {isa = PBXFileReference; lastKnownFileType = sourcecode.swift; path = AVPlayerState.swift; sourceTree = "<group>"; };
		9DC3CA402952E597002A5E96 /* AVPlayerMediaMetadata.swift */ = {isa = PBXFileReference; lastKnownFileType = sourcecode.swift; path = AVPlayerMediaMetadata.swift; sourceTree = "<group>"; };
		9DC3CA422952EA63002A5E96 /* UIViewController+Extension.swift */ = {isa = PBXFileReference; lastKnownFileType = sourcecode.swift; path = "UIViewController+Extension.swift"; sourceTree = "<group>"; };
		9DC3CA442952F302002A5E96 /* AVPlayerItemStatusObserver.swift */ = {isa = PBXFileReference; lastKnownFileType = sourcecode.swift; path = AVPlayerItemStatusObserver.swift; sourceTree = "<group>"; };
		9DC3CA462952F6B9002A5E96 /* AVPlayerItemPlayingObserver.swift */ = {isa = PBXFileReference; lastKnownFileType = sourcecode.swift; path = AVPlayerItemPlayingObserver.swift; sourceTree = "<group>"; };
		9DC3CA4829530E80002A5E96 /* String+Extension.swift */ = {isa = PBXFileReference; lastKnownFileType = sourcecode.swift; path = "String+Extension.swift"; sourceTree = "<group>"; };
/* End PBXFileReference section */

/* Begin PBXFrameworksBuildPhase section */
		9D66F0C62951640C00BB0058 /* Frameworks */ = {
			isa = PBXFrameworksBuildPhase;
			buildActionMask = 2147483647;
			files = (
				27289557D9341A45EA4B141A /* Pods_iTunesSearchDemo.framework in Frameworks */,
			);
			runOnlyForDeploymentPostprocessing = 0;
		};
/* End PBXFrameworksBuildPhase section */

/* Begin PBXGroup section */
		6C5311CE83982D3A1F320724 /* Pods */ = {
			isa = PBXGroup;
			children = (
				526A38A18D5D09DCA06D9009 /* Pods-iTunesSearchDemo.debug.xcconfig */,
				8FE0B26A82D47E7181E07A4C /* Pods-iTunesSearchDemo.release.xcconfig */,
			);
			path = Pods;
			sourceTree = "<group>";
		};
		9D66F0C02951640C00BB0058 = {
			isa = PBXGroup;
			children = (
				9D66F0CB2951640C00BB0058 /* iTunesSearchDemo */,
				9D66F0CA2951640C00BB0058 /* Products */,
				6C5311CE83982D3A1F320724 /* Pods */,
				DF0F7D9FF54371FD8657B7B0 /* Frameworks */,
			);
			sourceTree = "<group>";
		};
		9D66F0CA2951640C00BB0058 /* Products */ = {
			isa = PBXGroup;
			children = (
				9D66F0C92951640C00BB0058 /* iTunesSearchDemo.app */,
			);
			name = Products;
			sourceTree = "<group>";
		};
		9D66F0CB2951640C00BB0058 /* iTunesSearchDemo */ = {
			isa = PBXGroup;
			children = (
				9D66F0CC2951640C00BB0058 /* AppDelegate.swift */,
				9D66F0D52951640C00BB0058 /* Assets.xcassets */,
				9D66F0F6295179F900BB0058 /* Main.storyboard */,
				9D66F0D72951640C00BB0058 /* LaunchScreen.storyboard */,
				9D66F0DA2951640C00BB0058 /* Info.plist */,
				9D66F11529520F0200BB0058 /* Extension */,
				9D66F1122951D70900BB0058 /* Adapter */,
				9D66F0EC2951675400BB0058 /* Utility */,
				9D66F0E02951669200BB0058 /* APIEngine */,
				9D66F0F929517A6700BB0058 /* DataModel */,
				9D66F0FC2951838B00BB0058 /* ViewController */,
				9D66F10229518CB600BB0058 /* ViewModel */,
				9D66F0FD2951841D00BB0058 /* View */,
			);
			path = iTunesSearchDemo;
			sourceTree = "<group>";
		};
		9D66F0E02951669200BB0058 /* APIEngine */ = {
			isa = PBXGroup;
			children = (
				9D66F0E4295166D100BB0058 /* HTTPMethod.swift */,
				9D66F0E6295166E500BB0058 /* ParameterEncoding.swift */,
				9D66F0E8295166F400BB0058 /* NetworkError.swift */,
				9D66F0EA2951673F00BB0058 /* NetworkLogger.swift */,
				9D66F0EF2951679900BB0058 /* APIEngine.swift */,
				9D66F0F32951750D00BB0058 /* APIEngine+Search.swift */,
				9D66F0E12951669E00BB0058 /* EndPoint */,
			);
			path = APIEngine;
			sourceTree = "<group>";
		};
		9D66F0E12951669E00BB0058 /* EndPoint */ = {
			isa = PBXGroup;
			children = (
				9D66F0E2295166AA00BB0058 /* EndPoint.swift */,
				9D66F0F1295169DC00BB0058 /* SearchAPI.swift */,
			);
			path = EndPoint;
			sourceTree = "<group>";
		};
		9D66F0EC2951675400BB0058 /* Utility */ = {
			isa = PBXGroup;
			children = (
				9D66F0ED2951676000BB0058 /* Logger.swift */,
				9D66F10029518BFE00BB0058 /* CellReusable.swift */,
			);
			path = Utility;
			sourceTree = "<group>";
		};
		9D66F0F929517A6700BB0058 /* DataModel */ = {
			isa = PBXGroup;
			children = (
				9D66F0FA29517A7900BB0058 /* SearchResultDataModel.swift */,
			);
			path = DataModel;
			sourceTree = "<group>";
		};
		9D66F0FC2951838B00BB0058 /* ViewController */ = {
			isa = PBXGroup;
			children = (
				9D66F0D02951640C00BB0058 /* SearchViewController.swift */,
			);
			path = ViewController;
			sourceTree = "<group>";
		};
		9D66F0FD2951841D00BB0058 /* View */ = {
			isa = PBXGroup;
			children = (
				9D66F0FE295186C900BB0058 /* SearchTableViewCell.swift */,
				9D66F1102951C4F600BB0058 /* PlayerView.swift */,
			);
			path = View;
			sourceTree = "<group>";
		};
		9D66F10229518CB600BB0058 /* ViewModel */ = {
			isa = PBXGroup;
			children = (
				9D66F10329518CC500BB0058 /* SearchViewModel.swift */,
			);
			path = ViewModel;
			sourceTree = "<group>";
		};
		9D66F1122951D70900BB0058 /* Adapter */ = {
			isa = PBXGroup;
			children = (
				9D66F1132951D72700BB0058 /* AVPlayerAdapter.swift */,
				9DC3CA3E2952E584002A5E96 /* AVPlayerState.swift */,
				9DC3CA402952E597002A5E96 /* AVPlayerMediaMetadata.swift */,
				9DC3CA442952F302002A5E96 /* AVPlayerItemStatusObserver.swift */,
				9DC3CA462952F6B9002A5E96 /* AVPlayerItemPlayingObserver.swift */,
			);
			path = Adapter;
			sourceTree = "<group>";
		};
		9D66F11529520F0200BB0058 /* Extension */ = {
			isa = PBXGroup;
			children = (
				9D66F11629520F4100BB0058 /* TimeInterval+Extension .swift */,
				9D66F11829520F6A00BB0058 /* CMTime+Extension .swift */,
				9DC3CA4829530E80002A5E96 /* String+Extension.swift */,
				9DC3CA422952EA63002A5E96 /* UIViewController+Extension.swift */,
			);
			path = Extension;
			sourceTree = "<group>";
		};
		DF0F7D9FF54371FD8657B7B0 /* Frameworks */ = {
			isa = PBXGroup;
			children = (
				1707D8536CDBF09F523AE185 /* Pods_iTunesSearchDemo.framework */,
			);
			name = Frameworks;
			sourceTree = "<group>";
		};
/* End PBXGroup section */

/* Begin PBXNativeTarget section */
		9D66F0C82951640C00BB0058 /* iTunesSearchDemo */ = {
			isa = PBXNativeTarget;
			buildConfigurationList = 9D66F0DD2951640C00BB0058 /* Build configuration list for PBXNativeTarget "iTunesSearchDemo" */;
			buildPhases = (
				9E250154073C56EC8D5618F2 /* [CP] Check Pods Manifest.lock */,
				9D66F0C52951640C00BB0058 /* Sources */,
				9D66F0C62951640C00BB0058 /* Frameworks */,
				9D66F0C72951640C00BB0058 /* Resources */,
				BFFF22C3529EA282BEA60DAB /* [CP] Embed Pods Frameworks */,
			);
			buildRules = (
			);
			dependencies = (
			);
			name = iTunesSearchDemo;
			productName = iTunesSearchDemo;
			productReference = 9D66F0C92951640C00BB0058 /* iTunesSearchDemo.app */;
			productType = "com.apple.product-type.application";
		};
/* End PBXNativeTarget section */

/* Begin PBXProject section */
		9D66F0C12951640C00BB0058 /* Project object */ = {
			isa = PBXProject;
			attributes = {
				BuildIndependentTargetsInParallel = 1;
				LastSwiftUpdateCheck = 1340;
				LastUpgradeCheck = 1340;
				TargetAttributes = {
					9D66F0C82951640C00BB0058 = {
						CreatedOnToolsVersion = 13.4.1;
					};
				};
			};
			buildConfigurationList = 9D66F0C42951640C00BB0058 /* Build configuration list for PBXProject "iTunesSearchDemo" */;
			compatibilityVersion = "Xcode 13.0";
			developmentRegion = en;
			hasScannedForEncodings = 0;
			knownRegions = (
				en,
				Base,
			);
			mainGroup = 9D66F0C02951640C00BB0058;
			productRefGroup = 9D66F0CA2951640C00BB0058 /* Products */;
			projectDirPath = "";
			projectRoot = "";
			targets = (
				9D66F0C82951640C00BB0058 /* iTunesSearchDemo */,
			);
		};
/* End PBXProject section */

/* Begin PBXResourcesBuildPhase section */
		9D66F0C72951640C00BB0058 /* Resources */ = {
			isa = PBXResourcesBuildPhase;
			buildActionMask = 2147483647;
			files = (
				9D66F0F8295179F900BB0058 /* Main.storyboard in Resources */,
				9D66F0D92951640C00BB0058 /* LaunchScreen.storyboard in Resources */,
				9D66F0D62951640C00BB0058 /* Assets.xcassets in Resources */,
			);
			runOnlyForDeploymentPostprocessing = 0;
		};
/* End PBXResourcesBuildPhase section */

/* Begin PBXShellScriptBuildPhase section */
		9E250154073C56EC8D5618F2 /* [CP] Check Pods Manifest.lock */ = {
			isa = PBXShellScriptBuildPhase;
			buildActionMask = 2147483647;
			files = (
			);
			inputFileListPaths = (
			);
			inputPaths = (
				"${PODS_PODFILE_DIR_PATH}/Podfile.lock",
				"${PODS_ROOT}/Manifest.lock",
			);
			name = "[CP] Check Pods Manifest.lock";
			outputFileListPaths = (
			);
			outputPaths = (
				"$(DERIVED_FILE_DIR)/Pods-iTunesSearchDemo-checkManifestLockResult.txt",
			);
			runOnlyForDeploymentPostprocessing = 0;
			shellPath = /bin/sh;
			shellScript = "diff \"${PODS_PODFILE_DIR_PATH}/Podfile.lock\" \"${PODS_ROOT}/Manifest.lock\" > /dev/null\nif [ $? != 0 ] ; then\n    # print error to STDERR\n    echo \"error: The sandbox is not in sync with the Podfile.lock. Run 'pod install' or update your CocoaPods installation.\" >&2\n    exit 1\nfi\n# This output is used by Xcode 'outputs' to avoid re-running this script phase.\necho \"SUCCESS\" > \"${SCRIPT_OUTPUT_FILE_0}\"\n";
			showEnvVarsInLog = 0;
		};
		BFFF22C3529EA282BEA60DAB /* [CP] Embed Pods Frameworks */ = {
			isa = PBXShellScriptBuildPhase;
			buildActionMask = 2147483647;
			files = (
			);
			inputFileListPaths = (
				"${PODS_ROOT}/Target Support Files/Pods-iTunesSearchDemo/Pods-iTunesSearchDemo-frameworks-${CONFIGURATION}-input-files.xcfilelist",
			);
			name = "[CP] Embed Pods Frameworks";
			outputFileListPaths = (
				"${PODS_ROOT}/Target Support Files/Pods-iTunesSearchDemo/Pods-iTunesSearchDemo-frameworks-${CONFIGURATION}-output-files.xcfilelist",
			);
			runOnlyForDeploymentPostprocessing = 0;
			shellPath = /bin/sh;
			shellScript = "\"${PODS_ROOT}/Target Support Files/Pods-iTunesSearchDemo/Pods-iTunesSearchDemo-frameworks.sh\"\n";
			showEnvVarsInLog = 0;
		};
/* End PBXShellScriptBuildPhase section */

/* Begin PBXSourcesBuildPhase section */
		9D66F0C52951640C00BB0058 /* Sources */ = {
			isa = PBXSourcesBuildPhase;
			buildActionMask = 2147483647;
			files = (
				9D66F0F2295169DC00BB0058 /* SearchAPI.swift in Sources */,
				9DC3CA3F2952E584002A5E96 /* AVPlayerState.swift in Sources */,
				9D66F0EB2951673F00BB0058 /* NetworkLogger.swift in Sources */,
				9D66F11729520F4100BB0058 /* TimeInterval+Extension .swift in Sources */,
				9D66F0E5295166D100BB0058 /* HTTPMethod.swift in Sources */,
				9D66F0E3295166AA00BB0058 /* EndPoint.swift in Sources */,
				9D66F0E7295166E500BB0058 /* ParameterEncoding.swift in Sources */,
				9D66F0F02951679900BB0058 /* APIEngine.swift in Sources */,
				9DC3CA4929530E80002A5E96 /* String+Extension.swift in Sources */,
				9DC3CA472952F6B9002A5E96 /* AVPlayerItemPlayingObserver.swift in Sources */,
				9D66F10429518CC500BB0058 /* SearchViewModel.swift in Sources */,
				9DC3CA452952F302002A5E96 /* AVPlayerItemStatusObserver.swift in Sources */,
				9D66F10129518BFE00BB0058 /* CellReusable.swift in Sources */,
				9D66F11929520F6A00BB0058 /* CMTime+Extension .swift in Sources */,
				9DC3CA432952EA63002A5E96 /* UIViewController+Extension.swift in Sources */,
				9D66F0FB29517A7900BB0058 /* SearchResultDataModel.swift in Sources */,
				9D66F0E9295166F400BB0058 /* NetworkError.swift in Sources */,
				9D66F1112951C4F600BB0058 /* PlayerView.swift in Sources */,
				9D66F0FF295186C900BB0058 /* SearchTableViewCell.swift in Sources */,
				9D66F0D12951640C00BB0058 /* SearchViewController.swift in Sources */,
				9D66F1142951D72700BB0058 /* AVPlayerAdapter.swift in Sources */,
				9D66F0CD2951640C00BB0058 /* AppDelegate.swift in Sources */,
				9D66F0F42951750D00BB0058 /* APIEngine+Search.swift in Sources */,
				9D66F0EE2951676000BB0058 /* Logger.swift in Sources */,
				9DC3CA412952E597002A5E96 /* AVPlayerMediaMetadata.swift in Sources */,
			);
			runOnlyForDeploymentPostprocessing = 0;
		};
/* End PBXSourcesBuildPhase section */

/* Begin PBXVariantGroup section */
		9D66F0D72951640C00BB0058 /* LaunchScreen.storyboard */ = {
			isa = PBXVariantGroup;
			children = (
				9D66F0D82951640C00BB0058 /* Base */,
			);
			name = LaunchScreen.storyboard;
			sourceTree = "<group>";
		};
		9D66F0F6295179F900BB0058 /* Main.storyboard */ = {
			isa = PBXVariantGroup;
			children = (
				9D66F0F7295179F900BB0058 /* Base */,
			);
			name = Main.storyboard;
			sourceTree = "<group>";
		};
/* End PBXVariantGroup section */

/* Begin XCBuildConfiguration section */
		9D66F0DB2951640C00BB0058 /* Debug */ = {
			isa = XCBuildConfiguration;
			buildSettings = {
				ALWAYS_SEARCH_USER_PATHS = NO;
				CLANG_ANALYZER_NONNULL = YES;
				CLANG_ANALYZER_NUMBER_OBJECT_CONVERSION = YES_AGGRESSIVE;
				CLANG_CXX_LANGUAGE_STANDARD = "gnu++17";
				CLANG_ENABLE_MODULES = YES;
				CLANG_ENABLE_OBJC_ARC = YES;
				CLANG_ENABLE_OBJC_WEAK = YES;
				CLANG_WARN_BLOCK_CAPTURE_AUTORELEASING = YES;
				CLANG_WARN_BOOL_CONVERSION = YES;
				CLANG_WARN_COMMA = YES;
				CLANG_WARN_CONSTANT_CONVERSION = YES;
				CLANG_WARN_DEPRECATED_OBJC_IMPLEMENTATIONS = YES;
				CLANG_WARN_DIRECT_OBJC_ISA_USAGE = YES_ERROR;
				CLANG_WARN_DOCUMENTATION_COMMENTS = YES;
				CLANG_WARN_EMPTY_BODY = YES;
				CLANG_WARN_ENUM_CONVERSION = YES;
				CLANG_WARN_INFINITE_RECURSION = YES;
				CLANG_WARN_INT_CONVERSION = YES;
				CLANG_WARN_NON_LITERAL_NULL_CONVERSION = YES;
				CLANG_WARN_OBJC_IMPLICIT_RETAIN_SELF = YES;
				CLANG_WARN_OBJC_LITERAL_CONVERSION = YES;
				CLANG_WARN_OBJC_ROOT_CLASS = YES_ERROR;
				CLANG_WARN_QUOTED_INCLUDE_IN_FRAMEWORK_HEADER = YES;
				CLANG_WARN_RANGE_LOOP_ANALYSIS = YES;
				CLANG_WARN_STRICT_PROTOTYPES = YES;
				CLANG_WARN_SUSPICIOUS_MOVE = YES;
				CLANG_WARN_UNGUARDED_AVAILABILITY = YES_AGGRESSIVE;
				CLANG_WARN_UNREACHABLE_CODE = YES;
				CLANG_WARN__DUPLICATE_METHOD_MATCH = YES;
				COPY_PHASE_STRIP = NO;
				DEBUG_INFORMATION_FORMAT = dwarf;
				ENABLE_STRICT_OBJC_MSGSEND = YES;
				ENABLE_TESTABILITY = YES;
				GCC_C_LANGUAGE_STANDARD = gnu11;
				GCC_DYNAMIC_NO_PIC = NO;
				GCC_NO_COMMON_BLOCKS = YES;
				GCC_OPTIMIZATION_LEVEL = 0;
				GCC_PREPROCESSOR_DEFINITIONS = (
					"DEBUG=1",
					"$(inherited)",
				);
				GCC_WARN_64_TO_32_BIT_CONVERSION = YES;
				GCC_WARN_ABOUT_RETURN_TYPE = YES_ERROR;
				GCC_WARN_UNDECLARED_SELECTOR = YES;
				GCC_WARN_UNINITIALIZED_AUTOS = YES_AGGRESSIVE;
				GCC_WARN_UNUSED_FUNCTION = YES;
				GCC_WARN_UNUSED_VARIABLE = YES;
				IPHONEOS_DEPLOYMENT_TARGET = 9.0;
				MTL_ENABLE_DEBUG_INFO = INCLUDE_SOURCE;
				MTL_FAST_MATH = YES;
				ONLY_ACTIVE_ARCH = YES;
				SDKROOT = iphoneos;
				SWIFT_ACTIVE_COMPILATION_CONDITIONS = DEBUG;
				SWIFT_OPTIMIZATION_LEVEL = "-Onone";
			};
			name = Debug;
		};
		9D66F0DC2951640C00BB0058 /* Release */ = {
			isa = XCBuildConfiguration;
			buildSettings = {
				ALWAYS_SEARCH_USER_PATHS = NO;
				CLANG_ANALYZER_NONNULL = YES;
				CLANG_ANALYZER_NUMBER_OBJECT_CONVERSION = YES_AGGRESSIVE;
				CLANG_CXX_LANGUAGE_STANDARD = "gnu++17";
				CLANG_ENABLE_MODULES = YES;
				CLANG_ENABLE_OBJC_ARC = YES;
				CLANG_ENABLE_OBJC_WEAK = YES;
				CLANG_WARN_BLOCK_CAPTURE_AUTORELEASING = YES;
				CLANG_WARN_BOOL_CONVERSION = YES;
				CLANG_WARN_COMMA = YES;
				CLANG_WARN_CONSTANT_CONVERSION = YES;
				CLANG_WARN_DEPRECATED_OBJC_IMPLEMENTATIONS = YES;
				CLANG_WARN_DIRECT_OBJC_ISA_USAGE = YES_ERROR;
				CLANG_WARN_DOCUMENTATION_COMMENTS = YES;
				CLANG_WARN_EMPTY_BODY = YES;
				CLANG_WARN_ENUM_CONVERSION = YES;
				CLANG_WARN_INFINITE_RECURSION = YES;
				CLANG_WARN_INT_CONVERSION = YES;
				CLANG_WARN_NON_LITERAL_NULL_CONVERSION = YES;
				CLANG_WARN_OBJC_IMPLICIT_RETAIN_SELF = YES;
				CLANG_WARN_OBJC_LITERAL_CONVERSION = YES;
				CLANG_WARN_OBJC_ROOT_CLASS = YES_ERROR;
				CLANG_WARN_QUOTED_INCLUDE_IN_FRAMEWORK_HEADER = YES;
				CLANG_WARN_RANGE_LOOP_ANALYSIS = YES;
				CLANG_WARN_STRICT_PROTOTYPES = YES;
				CLANG_WARN_SUSPICIOUS_MOVE = YES;
				CLANG_WARN_UNGUARDED_AVAILABILITY = YES_AGGRESSIVE;
				CLANG_WARN_UNREACHABLE_CODE = YES;
				CLANG_WARN__DUPLICATE_METHOD_MATCH = YES;
				COPY_PHASE_STRIP = NO;
				DEBUG_INFORMATION_FORMAT = "dwarf-with-dsym";
				ENABLE_NS_ASSERTIONS = NO;
				ENABLE_STRICT_OBJC_MSGSEND = YES;
				GCC_C_LANGUAGE_STANDARD = gnu11;
				GCC_NO_COMMON_BLOCKS = YES;
				GCC_WARN_64_TO_32_BIT_CONVERSION = YES;
				GCC_WARN_ABOUT_RETURN_TYPE = YES_ERROR;
				GCC_WARN_UNDECLARED_SELECTOR = YES;
				GCC_WARN_UNINITIALIZED_AUTOS = YES_AGGRESSIVE;
				GCC_WARN_UNUSED_FUNCTION = YES;
				GCC_WARN_UNUSED_VARIABLE = YES;
				IPHONEOS_DEPLOYMENT_TARGET = 9.0;
				MTL_ENABLE_DEBUG_INFO = NO;
				MTL_FAST_MATH = YES;
				SDKROOT = iphoneos;
				SWIFT_COMPILATION_MODE = wholemodule;
				SWIFT_OPTIMIZATION_LEVEL = "-O";
				VALIDATE_PRODUCT = YES;
			};
			name = Release;
		};
		9D66F0DE2951640C00BB0058 /* Debug */ = {
			isa = XCBuildConfiguration;
			baseConfigurationReference = 526A38A18D5D09DCA06D9009 /* Pods-iTunesSearchDemo.debug.xcconfig */;
			buildSettings = {
				ASSETCATALOG_COMPILER_APPICON_NAME = AppIcon;
				ASSETCATALOG_COMPILER_GLOBAL_ACCENT_COLOR_NAME = AccentColor;
				CODE_SIGN_STYLE = Automatic;
				CURRENT_PROJECT_VERSION = 1;
				DEVELOPMENT_TEAM = UVDM48J77F;
				GENERATE_INFOPLIST_FILE = YES;
				INFOPLIST_FILE = iTunesSearchDemo/Info.plist;
				INFOPLIST_KEY_UIApplicationSupportsIndirectInputEvents = YES;
				INFOPLIST_KEY_UILaunchStoryboardName = LaunchScreen;
				INFOPLIST_KEY_UISupportedInterfaceOrientations_iPad = "UIInterfaceOrientationPortrait UIInterfaceOrientationPortraitUpsideDown UIInterfaceOrientationLandscapeLeft UIInterfaceOrientationLandscapeRight";
				INFOPLIST_KEY_UISupportedInterfaceOrientations_iPhone = "UIInterfaceOrientationPortrait UIInterfaceOrientationLandscapeLeft UIInterfaceOrientationLandscapeRight";
				LD_RUNPATH_SEARCH_PATHS = (
					"$(inherited)",
					"@executable_path/Frameworks",
				);
				MARKETING_VERSION = 1.0;
				PRODUCT_BUNDLE_IDENTIFIER = nic.wu.iTunesSearchDemo;
				PRODUCT_NAME = "$(TARGET_NAME)";
				SWIFT_EMIT_LOC_STRINGS = YES;
				SWIFT_VERSION = 5.0;
				TARGETED_DEVICE_FAMILY = "1,2";
			};
			name = Debug;
		};
		9D66F0DF2951640C00BB0058 /* Release */ = {
			isa = XCBuildConfiguration;
			baseConfigurationReference = 8FE0B26A82D47E7181E07A4C /* Pods-iTunesSearchDemo.release.xcconfig */;
			buildSettings = {
				ASSETCATALOG_COMPILER_APPICON_NAME = AppIcon;
				ASSETCATALOG_COMPILER_GLOBAL_ACCENT_COLOR_NAME = AccentColor;
				CODE_SIGN_STYLE = Automatic;
				CURRENT_PROJECT_VERSION = 1;
				DEVELOPMENT_TEAM = UVDM48J77F;
				GENERATE_INFOPLIST_FILE = YES;
				INFOPLIST_FILE = iTunesSearchDemo/Info.plist;
				INFOPLIST_KEY_UIApplicationSupportsIndirectInputEvents = YES;
				INFOPLIST_KEY_UILaunchStoryboardName = LaunchScreen;
				INFOPLIST_KEY_UISupportedInterfaceOrientations_iPad = "UIInterfaceOrientationPortrait UIInterfaceOrientationPortraitUpsideDown UIInterfaceOrientationLandscapeLeft UIInterfaceOrientationLandscapeRight";
				INFOPLIST_KEY_UISupportedInterfaceOrientations_iPhone = "UIInterfaceOrientationPortrait UIInterfaceOrientationLandscapeLeft UIInterfaceOrientationLandscapeRight";
				LD_RUNPATH_SEARCH_PATHS = (
					"$(inherited)",
					"@executable_path/Frameworks",
				);
				MARKETING_VERSION = 1.0;
				PRODUCT_BUNDLE_IDENTIFIER = nic.wu.iTunesSearchDemo;
				PRODUCT_NAME = "$(TARGET_NAME)";
				SWIFT_EMIT_LOC_STRINGS = YES;
				SWIFT_VERSION = 5.0;
				TARGETED_DEVICE_FAMILY = "1,2";
			};
			name = Release;
		};
/* End XCBuildConfiguration section */

/* Begin XCConfigurationList section */
		9D66F0C42951640C00BB0058 /* Build configuration list for PBXProject "iTunesSearchDemo" */ = {
			isa = XCConfigurationList;
			buildConfigurations = (
				9D66F0DB2951640C00BB0058 /* Debug */,
				9D66F0DC2951640C00BB0058 /* Release */,
			);
			defaultConfigurationIsVisible = 0;
			defaultConfigurationName = Release;
		};
		9D66F0DD2951640C00BB0058 /* Build configuration list for PBXNativeTarget "iTunesSearchDemo" */ = {
			isa = XCConfigurationList;
			buildConfigurations = (
				9D66F0DE2951640C00BB0058 /* Debug */,
				9D66F0DF2951640C00BB0058 /* Release */,
			);
			defaultConfigurationIsVisible = 0;
			defaultConfigurationName = Release;
		};
/* End XCConfigurationList section */
	};
	rootObject = 9D66F0C12951640C00BB0058 /* Project object */;
}
